
Microsoft Visual Studio Solution File, Format Version 12.00
# Visual Studio Version 17
VisualStudioVersion = 17.14.36221.1 d17.14
MinimumVisualStudioVersion = 10.0.40219.1
Project("{FAE04EC0-301F-11D3-BF4B-00C04F79EFBC}") = "MyApp1", "MyAPP1\MyApp1.csproj", "{DB23BC91-75B1-4117-86D3-C00D52F1610F}"
EndProject
Project("{FAE04EC0-301F-11D3-BF4B-00C04F79EFBC}") = "MyApp2", "MyApp2\MyApp2.csproj", "{C7461593-B1CC-49E2-B83F-61BA29F40E9A}"
EndProject
Project("{FAE04EC0-301F-11D3-BF4B-00C04F79EFBC}") = "PictureBox", "PictureBox\PictureBox.csproj", "{7B4CA5FD-389A-4BB4-9FAC-5EFFAAA9CC0C}"
EndProject
Global
	GlobalSection(SolutionConfigurationPlatforms) = preSolution
		Debug|Any CPU = Debug|Any CPU
		Release|Any CPU = Release|Any CPU
	EndGlobalSection
	GlobalSection(ProjectConfigurationPlatforms) = postSolution
		{DB23BC91-75B1-4117-86D3-C00D52F1610F}.Debug|Any CPU.ActiveCfg = Debug|Any CPU
		{DB23BC91-75B1-4117-86D3-C00D52F1610F}.Debug|Any CPU.Build.0 = Debug|Any CPU
		{DB23BC91-75B1-4117-86D3-C00D52F1610F}.Release|Any CPU.ActiveCfg = Release|Any CPU
		{DB23BC91-75B1-4117-86D3-C00D52F1610F}.Release|Any CPU.Build.0 = Release|Any CPU
		{C7461593-B1CC-49E2-B83F-61BA29F40E9A}.Debug|Any CPU.ActiveCfg = Debug|Any CPU
		{C7461593-B1CC-49E2-B83F-61BA29F40E9A}.Debug|Any CPU.Build.0 = Debug|Any CPU
		{C7461593-B1CC-49E2-B83F-61BA29F40E9A}.Release|Any CPU.ActiveCfg = Release|Any CPU
		{C7461593-B1CC-49E2-B83F-61BA29F40E9A}.Release|Any CPU.Build.0 = Release|Any CPU
		{7B4CA5FD-389A-4BB4-9FAC-5EFFAAA9CC0C}.Debug|Any CPU.ActiveCfg = Debug|Any CPU
		{7B4CA5FD-389A-4BB4-9FAC-5EFFAAA9CC0C}.Debug|Any CPU.Build.0 = Debug|Any CPU
		{7B4CA5FD-389A-4BB4-9FAC-5EFFAAA9CC0C}.Release|Any CPU.ActiveCfg = Release|Any CPU
		{7B4CA5FD-389A-4BB4-9FAC-5EFFAAA9CC0C}.Release|Any CPU.Build.0 = Release|Any CPU
	EndGlobalSection
	GlobalSection(SolutionProperties) = preSolution
		HideSolutionNode = FALSE
	EndGlobalSection
	GlobalSection(ExtensibilityGlobals) = postSolution
		SolutionGuid = {259D6088-0FB3-4D9C-84DF-3BFCF8048D4D}
	EndGlobalSection
EndGlobal
